// !$*UTF8*$!
{
	archiveVersion = 1;
	classes = {
	};
	objectVersion = 56;
	objects = {

/* Begin PBXBuildFile section */
		6372762C2A48706100CBD3D0 /* AppDelegate.swift in Sources */ = {isa = PBXBuildFile; fileRef = 6372762B2A48706100CBD3D0 /* AppDelegate.swift */; };
		6372762E2A48706100CBD3D0 /* SceneDelegate.swift in Sources */ = {isa = PBXBuildFile; fileRef = 6372762D2A48706100CBD3D0 /* SceneDelegate.swift */; };
		637276302A48706100CBD3D0 /* ViewController.swift in Sources */ = {isa = PBXBuildFile; fileRef = 6372762F2A48706100CBD3D0 /* ViewController.swift */; };
		637276352A48706300CBD3D0 /* Assets.xcassets in Resources */ = {isa = PBXBuildFile; fileRef = 637276342A48706300CBD3D0 /* Assets.xcassets */; };
		637276382A48706300CBD3D0 /* LaunchScreen.storyboard in Resources */ = {isa = PBXBuildFile; fileRef = 637276362A48706300CBD3D0 /* LaunchScreen.storyboard */; };
		637276432A48706300CBD3D0 /* tallyCounterV2Tests.swift in Sources */ = {isa = PBXBuildFile; fileRef = 637276422A48706300CBD3D0 /* tallyCounterV2Tests.swift */; };
		6372764D2A48706300CBD3D0 /* tallyCounterV2UITests.swift in Sources */ = {isa = PBXBuildFile; fileRef = 6372764C2A48706300CBD3D0 /* tallyCounterV2UITests.swift */; };
		6372764F2A48706300CBD3D0 /* tallyCounterV2UITestsLaunchTests.swift in Sources */ = {isa = PBXBuildFile; fileRef = 6372764E2A48706300CBD3D0 /* tallyCounterV2UITestsLaunchTests.swift */; };
/* End PBXBuildFile section */

/* Begin PBXContainerItemProxy section */
		6372763F2A48706300CBD3D0 /* PBXContainerItemProxy */ = {
			isa = PBXContainerItemProxy;
			containerPortal = 637276202A48706100CBD3D0 /* Project object */;
			proxyType = 1;
			remoteGlobalIDString = 637276272A48706100CBD3D0;
			remoteInfo = tallyCounterV2;
		};
		637276492A48706300CBD3D0 /* PBXContainerItemProxy */ = {
			isa = PBXContainerItemProxy;
			containerPortal = 637276202A48706100CBD3D0 /* Project object */;
			proxyType = 1;
			remoteGlobalIDString = 637276272A48706100CBD3D0;
			remoteInfo = tallyCounterV2;
		};
/* End PBXContainerItemProxy section */

/* Begin PBXFileReference section */
		637276282A48706100CBD3D0 /* tallyCounterV2.app */ = {isa = PBXFileReference; explicitFileType = wrapper.application; includeInIndex = 0; path = tallyCounterV2.app; sourceTree = BUILT_PRODUCTS_DIR; };
		6372762B2A48706100CBD3D0 /* AppDelegate.swift */ = {isa = PBXFileReference; lastKnownFileType = sourcecode.swift; path = AppDelegate.swift; sourceTree = "<group>"; };
		6372762D2A48706100CBD3D0 /* SceneDelegate.swift */ = {isa = PBXFileReference; lastKnownFileType = sourcecode.swift; path = SceneDelegate.swift; sourceTree = "<group>"; };
		6372762F2A48706100CBD3D0 /* ViewController.swift */ = {isa = PBXFileReference; lastKnownFileType = sourcecode.swift; path = ViewController.swift; sourceTree = "<group>"; };
		637276342A48706300CBD3D0 /* Assets.xcassets */ = {isa = PBXFileReference; lastKnownFileType = folder.assetcatalog; path = Assets.xcassets; sourceTree = "<group>"; };
		637276372A48706300CBD3D0 /* Base */ = {isa = PBXFileReference; lastKnownFileType = file.storyboard; name = Base; path = Base.lproj/LaunchScreen.storyboard; sourceTree = "<group>"; };
		637276392A48706300CBD3D0 /* Info.plist */ = {isa = PBXFileReference; lastKnownFileType = text.plist.xml; path = Info.plist; sourceTree = "<group>"; };
		6372763E2A48706300CBD3D0 /* tallyCounterV2Tests.xctest */ = {isa = PBXFileReference; explicitFileType = wrapper.cfbundle; includeInIndex = 0; path = tallyCounterV2Tests.xctest; sourceTree = BUILT_PRODUCTS_DIR; };
		637276422A48706300CBD3D0 /* tallyCounterV2Tests.swift */ = {isa = PBXFileReference; lastKnownFileType = sourcecode.swift; path = tallyCounterV2Tests.swift; sourceTree = "<group>"; };
		637276482A48706300CBD3D0 /* tallyCounterV2UITests.xctest */ = {isa = PBXFileReference; explicitFileType = wrapper.cfbundle; includeInIndex = 0; path = tallyCounterV2UITests.xctest; sourceTree = BUILT_PRODUCTS_DIR; };
		6372764C2A48706300CBD3D0 /* tallyCounterV2UITests.swift */ = {isa = PBXFileReference; lastKnownFileType = sourcecode.swift; path = tallyCounterV2UITests.swift; sourceTree = "<group>"; };
		6372764E2A48706300CBD3D0 /* tallyCounterV2UITestsLaunchTests.swift */ = {isa = PBXFileReference; lastKnownFileType = sourcecode.swift; path = tallyCounterV2UITestsLaunchTests.swift; sourceTree = "<group>"; };
/* End PBXFileReference section */

/* Begin PBXFrameworksBuildPhase section */
		637276252A48706100CBD3D0 /* Frameworks */ = {
			isa = PBXFrameworksBuildPhase;
			buildActionMask = 2147483647;
			files = (
			);
			runOnlyForDeploymentPostprocessing = 0;
		};
		6372763B2A48706300CBD3D0 /* Frameworks */ = {
			isa = PBXFrameworksBuildPhase;
			buildActionMask = 2147483647;
			files = (
			);
			runOnlyForDeploymentPostprocessing = 0;
		};
		637276452A48706300CBD3D0 /* Frameworks */ = {
			isa = PBXFrameworksBuildPhase;
			buildActionMask = 2147483647;
			files = (
			);
			runOnlyForDeploymentPostprocessing = 0;
		};
/* End PBXFrameworksBuildPhase section */

/* Begin PBXGroup section */
		6372761F2A48706100CBD3D0 = {
			isa = PBXGroup;
			children = (
				6372762A2A48706100CBD3D0 /* tallyCounterV2 */,
				637276412A48706300CBD3D0 /* tallyCounterV2Tests */,
				6372764B2A48706300CBD3D0 /* tallyCounterV2UITests */,
				637276292A48706100CBD3D0 /* Products */,
			);
			sourceTree = "<group>";
		};
		637276292A48706100CBD3D0 /* Products */ = {
			isa = PBXGroup;
			children = (
				637276282A48706100CBD3D0 /* tallyCounterV2.app */,
				6372763E2A48706300CBD3D0 /* tallyCounterV2Tests.xctest */,
				637276482A48706300CBD3D0 /* tallyCounterV2UITests.xctest */,
			);
			name = Products;
			sourceTree = "<group>";
		};
		6372762A2A48706100CBD3D0 /* tallyCounterV2 */ = {
			isa = PBXGroup;
			children = (
				6372762B2A48706100CBD3D0 /* AppDelegate.swift */,
				6372762D2A48706100CBD3D0 /* SceneDelegate.swift */,
				6372762F2A48706100CBD3D0 /* ViewController.swift */,
				637276342A48706300CBD3D0 /* Assets.xcassets */,
				637276362A48706300CBD3D0 /* LaunchScreen.storyboard */,
				637276392A48706300CBD3D0 /* Info.plist */,
			);
			path = tallyCounterV2;
			sourceTree = "<group>";
		};
		637276412A48706300CBD3D0 /* tallyCounterV2Tests */ = {
			isa = PBXGroup;
			children = (
				637276422A48706300CBD3D0 /* tallyCounterV2Tests.swift */,
			);
			path = tallyCounterV2Tests;
			sourceTree = "<group>";
		};
		6372764B2A48706300CBD3D0 /* tallyCounterV2UITests */ = {
			isa = PBXGroup;
			children = (
				6372764C2A48706300CBD3D0 /* tallyCounterV2UITests.swift */,
				6372764E2A48706300CBD3D0 /* tallyCounterV2UITestsLaunchTests.swift */,
			);
			path = tallyCounterV2UITests;
			sourceTree = "<group>";
		};
/* End PBXGroup section */

/* Begin PBXNativeTarget section */
		637276272A48706100CBD3D0 /* tallyCounterV2 */ = {
			isa = PBXNativeTarget;
			buildConfigurationList = 637276522A48706300CBD3D0 /* Build configuration list for PBXNativeTarget "tallyCounterV2" */;
			buildPhases = (
				637276242A48706100CBD3D0 /* Sources */,
				637276252A48706100CBD3D0 /* Frameworks */,
				637276262A48706100CBD3D0 /* Resources */,
			);
			buildRules = (
			);
			dependencies = (
			);
			name = tallyCounterV2;
			productName = tallyCounterV2;
			productReference = 637276282A48706100CBD3D0 /* tallyCounterV2.app */;
			productType = "com.apple.product-type.application";
		};
		6372763D2A48706300CBD3D0 /* tallyCounterV2Tests */ = {
			isa = PBXNativeTarget;
			buildConfigurationList = 637276552A48706300CBD3D0 /* Build configuration list for PBXNativeTarget "tallyCounterV2Tests" */;
			buildPhases = (
				6372763A2A48706300CBD3D0 /* Sources */,
				6372763B2A48706300CBD3D0 /* Frameworks */,
				6372763C2A48706300CBD3D0 /* Resources */,
			);
			buildRules = (
			);
			dependencies = (
				637276402A48706300CBD3D0 /* PBXTargetDependency */,
			);
			name = tallyCounterV2Tests;
			productName = tallyCounterV2Tests;
			productReference = 6372763E2A48706300CBD3D0 /* tallyCounterV2Tests.xctest */;
			productType = "com.apple.product-type.bundle.unit-test";
		};
		637276472A48706300CBD3D0 /* tallyCounterV2UITests */ = {
			isa = PBXNativeTarget;
			buildConfigurationList = 637276582A48706300CBD3D0 /* Build configuration list for PBXNativeTarget "tallyCounterV2UITests" */;
			buildPhases = (
				637276442A48706300CBD3D0 /* Sources */,
				637276452A48706300CBD3D0 /* Frameworks */,
				637276462A48706300CBD3D0 /* Resources */,
			);
			buildRules = (
			);
			dependencies = (
				6372764A2A48706300CBD3D0 /* PBXTargetDependency */,
			);
			name = tallyCounterV2UITests;
			productName = tallyCounterV2UITests;
			productReference = 637276482A48706300CBD3D0 /* tallyCounterV2UITests.xctest */;
			productType = "com.apple.product-type.bundle.ui-testing";
		};
/* End PBXNativeTarget section */

/* Begin PBXProject section */
		637276202A48706100CBD3D0 /* Project object */ = {
			isa = PBXProject;
			attributes = {
				BuildIndependentTargetsInParallel = 1;
				LastSwiftUpdateCheck = 1430;
				LastUpgradeCheck = 1430;
				TargetAttributes = {
					637276272A48706100CBD3D0 = {
						CreatedOnToolsVersion = 14.3.1;
					};
					6372763D2A48706300CBD3D0 = {
						CreatedOnToolsVersion = 14.3.1;
						TestTargetID = 637276272A48706100CBD3D0;
					};
					637276472A48706300CBD3D0 = {
						CreatedOnToolsVersion = 14.3.1;
						TestTargetID = 637276272A48706100CBD3D0;
					};
				};
			};
			buildConfigurationList = 637276232A48706100CBD3D0 /* Build configuration list for PBXProject "tallyCounterV2" */;
			compatibilityVersion = "Xcode 14.0";
			developmentRegion = en;
			hasScannedForEncodings = 0;
			knownRegions = (
				en,
				Base,
			);
			mainGroup = 6372761F2A48706100CBD3D0;
			productRefGroup = 637276292A48706100CBD3D0 /* Products */;
			projectDirPath = "";
			projectRoot = "";
			targets = (
				637276272A48706100CBD3D0 /* tallyCounterV2 */,
				6372763D2A48706300CBD3D0 /* tallyCounterV2Tests */,
				637276472A48706300CBD3D0 /* tallyCounterV2UITests */,
			);
		};
/* End PBXProject section */

/* Begin PBXResourcesBuildPhase section */
		637276262A48706100CBD3D0 /* Resources */ = {
			isa = PBXResourcesBuildPhase;
			buildActionMask = 2147483647;
			files = (
				637276382A48706300CBD3D0 /* LaunchScreen.storyboard in Resources */,
				637276352A48706300CBD3D0 /* Assets.xcassets in Resources */,
			);
			runOnlyForDeploymentPostprocessing = 0;
		};
		6372763C2A48706300CBD3D0 /* Resources */ = {
			isa = PBXResourcesBuildPhase;
			buildActionMask = 2147483647;
			files = (
			);
			runOnlyForDeploymentPostprocessing = 0;
		};
		637276462A48706300CBD3D0 /* Resources */ = {
			isa = PBXResourcesBuildPhase;
			buildActionMask = 2147483647;
			files = (
			);
			runOnlyForDeploymentPostprocessing = 0;
		};
/* End PBXResourcesBuildPhase section */

/* Begin PBXSourcesBuildPhase section */
		637276242A48706100CBD3D0 /* Sources */ = {
			isa = PBXSourcesBuildPhase;
			buildActionMask = 2147483647;
			files = (
				637276302A48706100CBD3D0 /* ViewController.swift in Sources */,
				6372762C2A48706100CBD3D0 /* AppDelegate.swift in Sources */,
				6372762E2A48706100CBD3D0 /* SceneDelegate.swift in Sources */,
			);
			runOnlyForDeploymentPostprocessing = 0;
		};
		6372763A2A48706300CBD3D0 /* Sources */ = {
			isa = PBXSourcesBuildPhase;
			buildActionMask = 2147483647;
			files = (
				637276432A48706300CBD3D0 /* tallyCounterV2Tests.swift in Sources */,
			);
			runOnlyForDeploymentPostprocessing = 0;
		};
		637276442A48706300CBD3D0 /* Sources */ = {
			isa = PBXSourcesBuildPhase;
			buildActionMask = 2147483647;
			files = (
				6372764F2A48706300CBD3D0 /* tallyCounterV2UITestsLaunchTests.swift in Sources */,
				6372764D2A48706300CBD3D0 /* tallyCounterV2UITests.swift in Sources */,
			);
			runOnlyForDeploymentPostprocessing = 0;
		};
/* End PBXSourcesBuildPhase section */

/* Begin PBXTargetDependency section */
		637276402A48706300CBD3D0 /* PBXTargetDependency */ = {
			isa = PBXTargetDependency;
			target = 637276272A48706100CBD3D0 /* tallyCounterV2 */;
			targetProxy = 6372763F2A48706300CBD3D0 /* PBXContainerItemProxy */;
		};
		6372764A2A48706300CBD3D0 /* PBXTargetDependency */ = {
			isa = PBXTargetDependency;
			target = 637276272A48706100CBD3D0 /* tallyCounterV2 */;
			targetProxy = 637276492A48706300CBD3D0 /* PBXContainerItemProxy */;
		};
/* End PBXTargetDependency section */

/* Begin PBXVariantGroup section */
		637276362A48706300CBD3D0 /* LaunchScreen.storyboard */ = {
			isa = PBXVariantGroup;
			children = (
				637276372A48706300CBD3D0 /* Base */,
			);
			name = LaunchScreen.storyboard;
			sourceTree = "<group>";
		};
/* End PBXVariantGroup section */

/* Begin XCBuildConfiguration section */
		637276502A48706300CBD3D0 /* Debug */ = {
			isa = XCBuildConfiguration;
			buildSettings = {
				ALWAYS_SEARCH_USER_PATHS = NO;
				CLANG_ANALYZER_NONNULL = YES;
				CLANG_ANALYZER_NUMBER_OBJECT_CONVERSION = YES_AGGRESSIVE;
				CLANG_CXX_LANGUAGE_STANDARD = "gnu++20";
				CLANG_ENABLE_MODULES = YES;
				CLANG_ENABLE_OBJC_ARC = YES;
				CLANG_ENABLE_OBJC_WEAK = YES;
				CLANG_WARN_BLOCK_CAPTURE_AUTORELEASING = YES;
				CLANG_WARN_BOOL_CONVERSION = YES;
				CLANG_WARN_COMMA = YES;
				CLANG_WARN_CONSTANT_CONVERSION = YES;
				CLANG_WARN_DEPRECATED_OBJC_IMPLEMENTATIONS = YES;
				CLANG_WARN_DIRECT_OBJC_ISA_USAGE = YES_ERROR;
				CLANG_WARN_DOCUMENTATION_COMMENTS = YES;
				CLANG_WARN_EMPTY_BODY = YES;
				CLANG_WARN_ENUM_CONVERSION = YES;
				CLANG_WARN_INFINITE_RECURSION = YES;
				CLANG_WARN_INT_CONVERSION = YES;
				CLANG_WARN_NON_LITERAL_NULL_CONVERSION = YES;
				CLANG_WARN_OBJC_IMPLICIT_RETAIN_SELF = YES;
				CLANG_WARN_OBJC_LITERAL_CONVERSION = YES;
				CLANG_WARN_OBJC_ROOT_CLASS = YES_ERROR;
				CLANG_WARN_QUOTED_INCLUDE_IN_FRAMEWORK_HEADER = YES;
				CLANG_WARN_RANGE_LOOP_ANALYSIS = YES;
				CLANG_WARN_STRICT_PROTOTYPES = YES;
				CLANG_WARN_SUSPICIOUS_MOVE = YES;
				CLANG_WARN_UNGUARDED_AVAILABILITY = YES_AGGRESSIVE;
				CLANG_WARN_UNREACHABLE_CODE = YES;
				CLANG_WARN__DUPLICATE_METHOD_MATCH = YES;
				COPY_PHASE_STRIP = NO;
				DEBUG_INFORMATION_FORMAT = dwarf;
				ENABLE_STRICT_OBJC_MSGSEND = YES;
				ENABLE_TESTABILITY = YES;
				GCC_C_LANGUAGE_STANDARD = gnu11;
				GCC_DYNAMIC_NO_PIC = NO;
				GCC_NO_COMMON_BLOCKS = YES;
				GCC_OPTIMIZATION_LEVEL = 0;
				GCC_PREPROCESSOR_DEFINITIONS = (
					"DEBUG=1",
					"$(inherited)",
				);
				GCC_WARN_64_TO_32_BIT_CONVERSION = YES;
				GCC_WARN_ABOUT_RETURN_TYPE = YES_ERROR;
				GCC_WARN_UNDECLARED_SELECTOR = YES;
				GCC_WARN_UNINITIALIZED_AUTOS = YES_AGGRESSIVE;
				GCC_WARN_UNUSED_FUNCTION = YES;
				GCC_WARN_UNUSED_VARIABLE = YES;
				IPHONEOS_DEPLOYMENT_TARGET = 16.4;
				MTL_ENABLE_DEBUG_INFO = INCLUDE_SOURCE;
				MTL_FAST_MATH = YES;
				ONLY_ACTIVE_ARCH = YES;
				SDKROOT = iphoneos;
				SWIFT_ACTIVE_COMPILATION_CONDITIONS = DEBUG;
				SWIFT_OPTIMIZATION_LEVEL = "-Onone";
			};
			name = Debug;
		};
		637276512A48706300CBD3D0 /* Release */ = {
			isa = XCBuildConfiguration;
			buildSettings = {
				ALWAYS_SEARCH_USER_PATHS = NO;
				CLANG_ANALYZER_NONNULL = YES;
				CLANG_ANALYZER_NUMBER_OBJECT_CONVERSION = YES_AGGRESSIVE;
				CLANG_CXX_LANGUAGE_STANDARD = "gnu++20";
				CLANG_ENABLE_MODULES = YES;
				CLANG_ENABLE_OBJC_ARC = YES;
				CLANG_ENABLE_OBJC_WEAK = YES;
				CLANG_WARN_BLOCK_CAPTURE_AUTORELEASING = YES;
				CLANG_WARN_BOOL_CONVERSION = YES;
				CLANG_WARN_COMMA = YES;
				CLANG_WARN_CONSTANT_CONVERSION = YES;
				CLANG_WARN_DEPRECATED_OBJC_IMPLEMENTATIONS = YES;
				CLANG_WARN_DIRECT_OBJC_ISA_USAGE = YES_ERROR;
				CLANG_WARN_DOCUMENTATION_COMMENTS = YES;
				CLANG_WARN_EMPTY_BODY = YES;
				CLANG_WARN_ENUM_CONVERSION = YES;
				CLANG_WARN_INFINITE_RECURSION = YES;
				CLANG_WARN_INT_CONVERSION = YES;
				CLANG_WARN_NON_LITERAL_NULL_CONVERSION = YES;
				CLANG_WARN_OBJC_IMPLICIT_RETAIN_SELF = YES;
				CLANG_WARN_OBJC_LITERAL_CONVERSION = YES;
				CLANG_WARN_OBJC_ROOT_CLASS = YES_ERROR;
				CLANG_WARN_QUOTED_INCLUDE_IN_FRAMEWORK_HEADER = YES;
				CLANG_WARN_RANGE_LOOP_ANALYSIS = YES;
				CLANG_WARN_STRICT_PROTOTYPES = YES;
				CLANG_WARN_SUSPICIOUS_MOVE = YES;
				CLANG_WARN_UNGUARDED_AVAILABILITY = YES_AGGRESSIVE;
				CLANG_WARN_UNREACHABLE_CODE = YES;
				CLANG_WARN__DUPLICATE_METHOD_MATCH = YES;
				COPY_PHASE_STRIP = NO;
				DEBUG_INFORMATION_FORMAT = "dwarf-with-dsym";
				ENABLE_NS_ASSERTIONS = NO;
				ENABLE_STRICT_OBJC_MSGSEND = YES;
				GCC_C_LANGUAGE_STANDARD = gnu11;
				GCC_NO_COMMON_BLOCKS = YES;
				GCC_WARN_64_TO_32_BIT_CONVERSION = YES;
				GCC_WARN_ABOUT_RETURN_TYPE = YES_ERROR;
				GCC_WARN_UNDECLARED_SELECTOR = YES;
				GCC_WARN_UNINITIALIZED_AUTOS = YES_AGGRESSIVE;
				GCC_WARN_UNUSED_FUNCTION = YES;
				GCC_WARN_UNUSED_VARIABLE = YES;
				IPHONEOS_DEPLOYMENT_TARGET = 16.4;
				MTL_ENABLE_DEBUG_INFO = NO;
				MTL_FAST_MATH = YES;
				SDKROOT = iphoneos;
				SWIFT_COMPILATION_MODE = wholemodule;
				SWIFT_OPTIMIZATION_LEVEL = "-O";
				VALIDATE_PRODUCT = YES;
			};
			name = Release;
		};
		637276532A48706300CBD3D0 /* Debug */ = {
			isa = XCBuildConfiguration;
			buildSettings = {
				ASSETCATALOG_COMPILER_APPICON_NAME = AppIcon;
				ASSETCATALOG_COMPILER_GLOBAL_ACCENT_COLOR_NAME = AccentColor;
				CODE_SIGN_STYLE = Automatic;
				CURRENT_PROJECT_VERSION = 1;
				GENERATE_INFOPLIST_FILE = YES;
				INFOPLIST_FILE = tallyCounterV2/Info.plist;
				INFOPLIST_KEY_UIApplicationSupportsIndirectInputEvents = YES;
				INFOPLIST_KEY_UILaunchStoryboardName = LaunchScreen;
				INFOPLIST_KEY_UISupportedInterfaceOrientations_iPad = "UIInterfaceOrientationPortrait UIInterfaceOrientationPortraitUpsideDown UIInterfaceOrientationLandscapeLeft UIInterfaceOrientationLandscapeRight";
				INFOPLIST_KEY_UISupportedInterfaceOrientations_iPhone = "UIInterfaceOrientationPortrait UIInterfaceOrientationLandscapeLeft UIInterfaceOrientationLandscapeRight";
				LD_RUNPATH_SEARCH_PATHS = (
					"$(inherited)",
					"@executable_path/Frameworks",
				);
				MARKETING_VERSION = 1.0;
				PRODUCT_BUNDLE_IDENTIFIER = justcode.tallyCounterV2;
				PRODUCT_NAME = "$(TARGET_NAME)";
				SWIFT_EMIT_LOC_STRINGS = YES;
				SWIFT_VERSION = 5.0;
				TARGETED_DEVICE_FAMILY = "1,2";
			};
			name = Debug;
		};
		637276542A48706300CBD3D0 /* Release */ = {
			isa = XCBuildConfiguration;
			buildSettings = {
				ASSETCATALOG_COMPILER_APPICON_NAME = AppIcon;
				ASSETCATALOG_COMPILER_GLOBAL_ACCENT_COLOR_NAME = AccentColor;
				CODE_SIGN_STYLE = Automatic;
				CURRENT_PROJECT_VERSION = 1;
				GENERATE_INFOPLIST_FILE = YES;
				INFOPLIST_FILE = tallyCounterV2/Info.plist;
				INFOPLIST_KEY_UIApplicationSupportsIndirectInputEvents = YES;
				INFOPLIST_KEY_UILaunchStoryboardName = LaunchScreen;
				INFOPLIST_KEY_UISupportedInterfaceOrientations_iPad = "UIInterfaceOrientationPortrait UIInterfaceOrientationPortraitUpsideDown UIInterfaceOrientationLandscapeLeft UIInterfaceOrientationLandscapeRight";
				INFOPLIST_KEY_UISupportedInterfaceOrientations_iPhone = "UIInterfaceOrientationPortrait UIInterfaceOrientationLandscapeLeft UIInterfaceOrientationLandscapeRight";
				LD_RUNPATH_SEARCH_PATHS = (
					"$(inherited)",
					"@executable_path/Frameworks",
				);
				MARKETING_VERSION = 1.0;
				PRODUCT_BUNDLE_IDENTIFIER = justcode.tallyCounterV2;
				PRODUCT_NAME = "$(TARGET_NAME)";
				SWIFT_EMIT_LOC_STRINGS = YES;
				SWIFT_VERSION = 5.0;
				TARGETED_DEVICE_FAMILY = "1,2";
			};
			name = Release;
		};
		637276562A48706300CBD3D0 /* Debug */ = {
			isa = XCBuildConfiguration;
			buildSettings = {
				ALWAYS_EMBED_SWIFT_STANDARD_LIBRARIES = YES;
				BUNDLE_LOADER = "$(TEST_HOST)";
				CODE_SIGN_STYLE = Automatic;
				CURRENT_PROJECT_VERSION = 1;
				GENERATE_INFOPLIST_FILE = YES;
				IPHONEOS_DEPLOYMENT_TARGET = 16.4;
				MARKETING_VERSION = 1.0;
				PRODUCT_BUNDLE_IDENTIFIER = justcode.tallyCounterV2Tests;
				PRODUCT_NAME = "$(TARGET_NAME)";
				SWIFT_EMIT_LOC_STRINGS = NO;
				SWIFT_VERSION = 5.0;
				TARGETED_DEVICE_FAMILY = "1,2";
				TEST_HOST = "$(BUILT_PRODUCTS_DIR)/tallyCounterV2.app/$(BUNDLE_EXECUTABLE_FOLDER_PATH)/tallyCounterV2";
			};
			name = Debug;
		};
		637276572A48706300CBD3D0 /* Release */ = {
			isa = XCBuildConfiguration;
			buildSettings = {
				ALWAYS_EMBED_SWIFT_STANDARD_LIBRARIES = YES;
				BUNDLE_LOADER = "$(TEST_HOST)";
				CODE_SIGN_STYLE = Automatic;
				CURRENT_PROJECT_VERSION = 1;
				GENERATE_INFOPLIST_FILE = YES;
				IPHONEOS_DEPLOYMENT_TARGET = 16.4;
				MARKETING_VERSION = 1.0;
				PRODUCT_BUNDLE_IDENTIFIER = justcode.tallyCounterV2Tests;
				PRODUCT_NAME = "$(TARGET_NAME)";
				SWIFT_EMIT_LOC_STRINGS = NO;
				SWIFT_VERSION = 5.0;
				TARGETED_DEVICE_FAMILY = "1,2";
				TEST_HOST = "$(BUILT_PRODUCTS_DIR)/tallyCounterV2.app/$(BUNDLE_EXECUTABLE_FOLDER_PATH)/tallyCounterV2";
			};
			name = Release;
		};
		637276592A48706300CBD3D0 /* Debug */ = {
			isa = XCBuildConfiguration;
			buildSettings = {
				ALWAYS_EMBED_SWIFT_STANDARD_LIBRARIES = YES;
				CODE_SIGN_STYLE = Automatic;
				CURRENT_PROJECT_VERSION = 1;
				GENERATE_INFOPLIST_FILE = YES;
				MARKETING_VERSION = 1.0;
				PRODUCT_BUNDLE_IDENTIFIER = justcode.tallyCounterV2UITests;
				PRODUCT_NAME = "$(TARGET_NAME)";
				SWIFT_EMIT_LOC_STRINGS = NO;
				SWIFT_VERSION = 5.0;
				TARGETED_DEVICE_FAMILY = "1,2";
				TEST_TARGET_NAME = tallyCounterV2;
			};
			name = Debug;
		};
		6372765A2A48706300CBD3D0 /* Release */ = {
			isa = XCBuildConfiguration;
			buildSettings = {
				ALWAYS_EMBED_SWIFT_STANDARD_LIBRARIES = YES;
				CODE_SIGN_STYLE = Automatic;
				CURRENT_PROJECT_VERSION = 1;
				GENERATE_INFOPLIST_FILE = YES;
				MARKETING_VERSION = 1.0;
				PRODUCT_BUNDLE_IDENTIFIER = justcode.tallyCounterV2UITests;
				PRODUCT_NAME = "$(TARGET_NAME)";
				SWIFT_EMIT_LOC_STRINGS = NO;
				SWIFT_VERSION = 5.0;
				TARGETED_DEVICE_FAMILY = "1,2";
				TEST_TARGET_NAME = tallyCounterV2;
			};
			name = Release;
		};
/* End XCBuildConfiguration section */

/* Begin XCConfigurationList section */
		637276232A48706100CBD3D0 /* Build configuration list for PBXProject "tallyCounterV2" */ = {
			isa = XCConfigurationList;
			buildConfigurations = (
				637276502A48706300CBD3D0 /* Debug */,
				637276512A48706300CBD3D0 /* Release */,
			);
			defaultConfigurationIsVisible = 0;
			defaultConfigurationName = Release;
		};
		637276522A48706300CBD3D0 /* Build configuration list for PBXNativeTarget "tallyCounterV2" */ = {
			isa = XCConfigurationList;
			buildConfigurations = (
				637276532A48706300CBD3D0 /* Debug */,
				637276542A48706300CBD3D0 /* Release */,
			);
			defaultConfigurationIsVisible = 0;
			defaultConfigurationName = Release;
		};
		637276552A48706300CBD3D0 /* Build configuration list for PBXNativeTarget "tallyCounterV2Tests" */ = {
			isa = XCConfigurationList;
			buildConfigurations = (
				637276562A48706300CBD3D0 /* Debug */,
				637276572A48706300CBD3D0 /* Release */,
			);
			defaultConfigurationIsVisible = 0;
			defaultConfigurationName = Release;
		};
		637276582A48706300CBD3D0 /* Build configuration list for PBXNativeTarget "tallyCounterV2UITests" */ = {
			isa = XCConfigurationList;
			buildConfigurations = (
				637276592A48706300CBD3D0 /* Debug */,
				6372765A2A48706300CBD3D0 /* Release */,
			);
			defaultConfigurationIsVisible = 0;
			defaultConfigurationName = Release;
		};
/* End XCConfigurationList section */
	};
	rootObject = 637276202A48706100CBD3D0 /* Project object */;
}
